// !$*UTF8*$!
{
	archiveVersion = 1;
	classes = {
	};
	objectVersion = 56;
	objects = {

/* Begin PBXBuildFile section */
		84911CB42AAB1E6C0051AF61 /* hackerNewsPortalApp.swift in Sources */ = {isa = PBXBuildFile; fileRef = 84911CB32AAB1E6C0051AF61 /* hackerNewsPortalApp.swift */; };
		84911CB62AAB1E6C0051AF61 /* ContentView.swift in Sources */ = {isa = PBXBuildFile; fileRef = 84911CB52AAB1E6C0051AF61 /* ContentView.swift */; };
		84911CB82AAB1E6D0051AF61 /* Assets.xcassets in Resources */ = {isa = PBXBuildFile; fileRef = 84911CB72AAB1E6D0051AF61 /* Assets.xcassets */; };
		84911CBB2AAB1E6D0051AF61 /* Preview Assets.xcassets in Resources */ = {isa = PBXBuildFile; fileRef = 84911CBA2AAB1E6D0051AF61 /* Preview Assets.xcassets */; };
		84911CC22AAB3CC50051AF61 /* loginScreen.swift in Sources */ = {isa = PBXBuildFile; fileRef = 84911CC12AAB3CC50051AF61 /* loginScreen.swift */; };
		84922FB82AAC3FFC00848733 /* NetworkManager.swift in Sources */ = {isa = PBXBuildFile; fileRef = 84922FB72AAC3FFC00848733 /* NetworkManager.swift */; };
		84922FBA2AAC40AE00848733 /* PostData.swift in Sources */ = {isa = PBXBuildFile; fileRef = 84922FB92AAC40AE00848733 /* PostData.swift */; };
		84922FBD2AAC47B200848733 /* DetailView.swift in Sources */ = {isa = PBXBuildFile; fileRef = 84922FBC2AAC47B200848733 /* DetailView.swift */; };
		84922FBF2AAC4AE600848733 /* WebView.swift in Sources */ = {isa = PBXBuildFile; fileRef = 84922FBE2AAC4AE500848733 /* WebView.swift */; };
/* End PBXBuildFile section */

/* Begin PBXFileReference section */
		84911CB02AAB1E6C0051AF61 /* hackerNewsPortal.app */ = {isa = PBXFileReference; explicitFileType = wrapper.application; includeInIndex = 0; path = hackerNewsPortal.app; sourceTree = BUILT_PRODUCTS_DIR; };
		84911CB32AAB1E6C0051AF61 /* hackerNewsPortalApp.swift */ = {isa = PBXFileReference; lastKnownFileType = sourcecode.swift; path = hackerNewsPortalApp.swift; sourceTree = "<group>"; };
		84911CB52AAB1E6C0051AF61 /* ContentView.swift */ = {isa = PBXFileReference; lastKnownFileType = sourcecode.swift; path = ContentView.swift; sourceTree = "<group>"; };
		84911CB72AAB1E6D0051AF61 /* Assets.xcassets */ = {isa = PBXFileReference; lastKnownFileType = folder.assetcatalog; path = Assets.xcassets; sourceTree = "<group>"; };
		84911CBA2AAB1E6D0051AF61 /* Preview Assets.xcassets */ = {isa = PBXFileReference; lastKnownFileType = folder.assetcatalog; path = "Preview Assets.xcassets"; sourceTree = "<group>"; };
		84911CC12AAB3CC50051AF61 /* loginScreen.swift */ = {isa = PBXFileReference; lastKnownFileType = sourcecode.swift; path = loginScreen.swift; sourceTree = "<group>"; };
		84922FB72AAC3FFC00848733 /* NetworkManager.swift */ = {isa = PBXFileReference; lastKnownFileType = sourcecode.swift; path = NetworkManager.swift; sourceTree = "<group>"; };
		84922FB92AAC40AE00848733 /* PostData.swift */ = {isa = PBXFileReference; lastKnownFileType = sourcecode.swift; path = PostData.swift; sourceTree = "<group>"; };
		84922FBC2AAC47B200848733 /* DetailView.swift */ = {isa = PBXFileReference; lastKnownFileType = sourcecode.swift; path = DetailView.swift; sourceTree = "<group>"; };
		84922FBE2AAC4AE500848733 /* WebView.swift */ = {isa = PBXFileReference; lastKnownFileType = sourcecode.swift; path = WebView.swift; sourceTree = "<group>"; };
		84922FC02AAC546600848733 /* hackerNewsPortal.entitlements */ = {isa = PBXFileReference; lastKnownFileType = text.plist.entitlements; path = hackerNewsPortal.entitlements; sourceTree = "<group>"; };
/* End PBXFileReference section */

/* Begin PBXFrameworksBuildPhase section */
		84911CAD2AAB1E6C0051AF61 /* Frameworks */ = {
			isa = PBXFrameworksBuildPhase;
			buildActionMask = 2147483647;
			files = (
			);
			runOnlyForDeploymentPostprocessing = 0;
		};
/* End PBXFrameworksBuildPhase section */

/* Begin PBXGroup section */
		84911CA72AAB1E6C0051AF61 = {
			isa = PBXGroup;
			children = (
				84911CB22AAB1E6C0051AF61 /* hackerNewsPortal */,
				84911CB12AAB1E6C0051AF61 /* Products */,
			);
			sourceTree = "<group>";
		};
		84911CB12AAB1E6C0051AF61 /* Products */ = {
			isa = PBXGroup;
			children = (
				84911CB02AAB1E6C0051AF61 /* hackerNewsPortal.app */,
			);
			name = Products;
			sourceTree = "<group>";
		};
		84911CB22AAB1E6C0051AF61 /* hackerNewsPortal */ = {
			isa = PBXGroup;
			children = (
				84922FC02AAC546600848733 /* hackerNewsPortal.entitlements */,
				84922FB62AAC3FE600848733 /* Models */,
				84911CB32AAB1E6C0051AF61 /* hackerNewsPortalApp.swift */,
				84922FBB2AAC479800848733 /* Views */,
				84911CC12AAB3CC50051AF61 /* loginScreen.swift */,
				84911CB72AAB1E6D0051AF61 /* Assets.xcassets */,
				84911CB92AAB1E6D0051AF61 /* Preview Content */,
			);
			path = hackerNewsPortal;
			sourceTree = "<group>";
		};
		84911CB92AAB1E6D0051AF61 /* Preview Content */ = {
			isa = PBXGroup;
			children = (
				84911CBA2AAB1E6D0051AF61 /* Preview Assets.xcassets */,
			);
			path = "Preview Content";
			sourceTree = "<group>";
		};
		84922FB62AAC3FE600848733 /* Models */ = {
			isa = PBXGroup;
			children = (
				84922FB72AAC3FFC00848733 /* NetworkManager.swift */,
				84922FB92AAC40AE00848733 /* PostData.swift */,
			);
			path = Models;
			sourceTree = "<group>";
		};
		84922FBB2AAC479800848733 /* Views */ = {
			isa = PBXGroup;
			children = (
				84911CB52AAB1E6C0051AF61 /* ContentView.swift */,
				84922FBC2AAC47B200848733 /* DetailView.swift */,
				84922FBE2AAC4AE500848733 /* WebView.swift */,
			);
			path = Views;
			sourceTree = "<group>";
		};
/* End PBXGroup section */

/* Begin PBXNativeTarget section */
		84911CAF2AAB1E6C0051AF61 /* hackerNewsPortal */ = {
			isa = PBXNativeTarget;
			buildConfigurationList = 84911CBE2AAB1E6D0051AF61 /* Build configuration list for PBXNativeTarget "hackerNewsPortal" */;
			buildPhases = (
				84911CAC2AAB1E6C0051AF61 /* Sources */,
				84911CAD2AAB1E6C0051AF61 /* Frameworks */,
				84911CAE2AAB1E6C0051AF61 /* Resources */,
			);
			buildRules = (
			);
			dependencies = (
			);
			name = hackerNewsPortal;
			productName = hackerNewsPortal;
			productReference = 84911CB02AAB1E6C0051AF61 /* hackerNewsPortal.app */;
			productType = "com.apple.product-type.application";
		};
/* End PBXNativeTarget section */

/* Begin PBXProject section */
		84911CA82AAB1E6C0051AF61 /* Project object */ = {
			isa = PBXProject;
			attributes = {
				BuildIndependentTargetsInParallel = 1;
				LastSwiftUpdateCheck = 1430;
				LastUpgradeCheck = 1430;
				TargetAttributes = {
					84911CAF2AAB1E6C0051AF61 = {
						CreatedOnToolsVersion = 14.3.1;
					};
				};
			};
			buildConfigurationList = 84911CAB2AAB1E6C0051AF61 /* Build configuration list for PBXProject "hackerNewsPortal" */;
			compatibilityVersion = "Xcode 14.0";
			developmentRegion = en;
			hasScannedForEncodings = 0;
			knownRegions = (
				en,
				Base,
			);
			mainGroup = 84911CA72AAB1E6C0051AF61;
			productRefGroup = 84911CB12AAB1E6C0051AF61 /* Products */;
			projectDirPath = "";
			projectRoot = "";
			targets = (
				84911CAF2AAB1E6C0051AF61 /* hackerNewsPortal */,
			);
		};
/* End PBXProject section */

/* Begin PBXResourcesBuildPhase section */
		84911CAE2AAB1E6C0051AF61 /* Resources */ = {
			isa = PBXResourcesBuildPhase;
			buildActionMask = 2147483647;
			files = (
				84911CBB2AAB1E6D0051AF61 /* Preview Assets.xcassets in Resources */,
				84911CB82AAB1E6D0051AF61 /* Assets.xcassets in Resources */,
			);
			runOnlyForDeploymentPostprocessing = 0;
		};
/* End PBXResourcesBuildPhase section */

/* Begin PBXSourcesBuildPhase section */
		84911CAC2AAB1E6C0051AF61 /* Sources */ = {
			isa = PBXSourcesBuildPhase;
			buildActionMask = 2147483647;
			files = (
				84922FBA2AAC40AE00848733 /* PostData.swift in Sources */,
				84922FBD2AAC47B200848733 /* DetailView.swift in Sources */,
				84922FB82AAC3FFC00848733 /* NetworkManager.swift in Sources */,
				84911CC22AAB3CC50051AF61 /* loginScreen.swift in Sources */,
				84911CB62AAB1E6C0051AF61 /* ContentView.swift in Sources */,
				84911CB42AAB1E6C0051AF61 /* hackerNewsPortalApp.swift in Sources */,
				84922FBF2AAC4AE600848733 /* WebView.swift in Sources */,
			);
			runOnlyForDeploymentPostprocessing = 0;
		};
/* End PBXSourcesBuildPhase section */

/* Begin XCBuildConfiguration section */
		84911CBC2AAB1E6D0051AF61 /* Debug */ = {
			isa = XCBuildConfiguration;
			buildSettings = {
				ALWAYS_SEARCH_USER_PATHS = NO;
				CLANG_ANALYZER_NONNULL = YES;
				CLANG_ANALYZER_NUMBER_OBJECT_CONVERSION = YES_AGGRESSIVE;
				CLANG_CXX_LANGUAGE_STANDARD = "gnu++20";
				CLANG_ENABLE_MODULES = YES;
				CLANG_ENABLE_OBJC_ARC = YES;
				CLANG_ENABLE_OBJC_WEAK = YES;
				CLANG_WARN_BLOCK_CAPTURE_AUTORELEASING = YES;
				CLANG_WARN_BOOL_CONVERSION = YES;
				CLANG_WARN_COMMA = YES;
				CLANG_WARN_CONSTANT_CONVERSION = YES;
				CLANG_WARN_DEPRECATED_OBJC_IMPLEMENTATIONS = YES;
				CLANG_WARN_DIRECT_OBJC_ISA_USAGE = YES_ERROR;
				CLANG_WARN_DOCUMENTATION_COMMENTS = YES;
				CLANG_WARN_EMPTY_BODY = YES;
				CLANG_WARN_ENUM_CONVERSION = YES;
				CLANG_WARN_INFINITE_RECURSION = YES;
				CLANG_WARN_INT_CONVERSION = YES;
				CLANG_WARN_NON_LITERAL_NULL_CONVERSION = YES;
				CLANG_WARN_OBJC_IMPLICIT_RETAIN_SELF = YES;
				CLANG_WARN_OBJC_LITERAL_CONVERSION = YES;
				CLANG_WARN_OBJC_ROOT_CLASS = YES_ERROR;
				CLANG_WARN_QUOTED_INCLUDE_IN_FRAMEWORK_HEADER = YES;
				CLANG_WARN_RANGE_LOOP_ANALYSIS = YES;
				CLANG_WARN_STRICT_PROTOTYPES = YES;
				CLANG_WARN_SUSPICIOUS_MOVE = YES;
				CLANG_WARN_UNGUARDED_AVAILABILITY = YES_AGGRESSIVE;
				CLANG_WARN_UNREACHABLE_CODE = YES;
				CLANG_WARN__DUPLICATE_METHOD_MATCH = YES;
				COPY_PHASE_STRIP = NO;
				DEBUG_INFORMATION_FORMAT = dwarf;
				ENABLE_STRICT_OBJC_MSGSEND = YES;
				ENABLE_TESTABILITY = YES;
				GCC_C_LANGUAGE_STANDARD = gnu11;
				GCC_DYNAMIC_NO_PIC = NO;
				GCC_NO_COMMON_BLOCKS = YES;
				GCC_OPTIMIZATION_LEVEL = 0;
				GCC_PREPROCESSOR_DEFINITIONS = (
					"DEBUG=1",
					"$(inherited)",
				);
				GCC_WARN_64_TO_32_BIT_CONVERSION = YES;
				GCC_WARN_ABOUT_RETURN_TYPE = YES_ERROR;
				GCC_WARN_UNDECLARED_SELECTOR = YES;
				GCC_WARN_UNINITIALIZED_AUTOS = YES_AGGRESSIVE;
				GCC_WARN_UNUSED_FUNCTION = YES;
				GCC_WARN_UNUSED_VARIABLE = YES;
				IPHONEOS_DEPLOYMENT_TARGET = 16.4;
				MTL_ENABLE_DEBUG_INFO = INCLUDE_SOURCE;
				MTL_FAST_MATH = YES;
				ONLY_ACTIVE_ARCH = YES;
				SDKROOT = iphoneos;
				SWIFT_ACTIVE_COMPILATION_CONDITIONS = DEBUG;
				SWIFT_OPTIMIZATION_LEVEL = "-Onone";
			};
			name = Debug;
		};
		84911CBD2AAB1E6D0051AF61 /* Release */ = {
			isa = XCBuildConfiguration;
			buildSettings = {
				ALWAYS_SEARCH_USER_PATHS = NO;
				CLANG_ANALYZER_NONNULL = YES;
				CLANG_ANALYZER_NUMBER_OBJECT_CONVERSION = YES_AGGRESSIVE;
				CLANG_CXX_LANGUAGE_STANDARD = "gnu++20";
				CLANG_ENABLE_MODULES = YES;
				CLANG_ENABLE_OBJC_ARC = YES;
				CLANG_ENABLE_OBJC_WEAK = YES;
				CLANG_WARN_BLOCK_CAPTURE_AUTORELEASING = YES;
				CLANG_WARN_BOOL_CONVERSION = YES;
				CLANG_WARN_COMMA = YES;
				CLANG_WARN_CONSTANT_CONVERSION = YES;
				CLANG_WARN_DEPRECATED_OBJC_IMPLEMENTATIONS = YES;
				CLANG_WARN_DIRECT_OBJC_ISA_USAGE = YES_ERROR;
				CLANG_WARN_DOCUMENTATION_COMMENTS = YES;
				CLANG_WARN_EMPTY_BODY = YES;
				CLANG_WARN_ENUM_CONVERSION = YES;
				CLANG_WARN_INFINITE_RECURSION = YES;
				CLANG_WARN_INT_CONVERSION = YES;
				CLANG_WARN_NON_LITERAL_NULL_CONVERSION = YES;
				CLANG_WARN_OBJC_IMPLICIT_RETAIN_SELF = YES;
				CLANG_WARN_OBJC_LITERAL_CONVERSION = YES;
				CLANG_WARN_OBJC_ROOT_CLASS = YES_ERROR;
				CLANG_WARN_QUOTED_INCLUDE_IN_FRAMEWORK_HEADER = YES;
				CLANG_WARN_RANGE_LOOP_ANALYSIS = YES;
				CLANG_WARN_STRICT_PROTOTYPES = YES;
				CLANG_WARN_SUSPICIOUS_MOVE = YES;
				CLANG_WARN_UNGUARDED_AVAILABILITY = YES_AGGRESSIVE;
				CLANG_WARN_UNREACHABLE_CODE = YES;
				CLANG_WARN__DUPLICATE_METHOD_MATCH = YES;
				COPY_PHASE_STRIP = NO;
				DEBUG_INFORMATION_FORMAT = "dwarf-with-dsym";
				ENABLE_NS_ASSERTIONS = NO;
				ENABLE_STRICT_OBJC_MSGSEND = YES;
				GCC_C_LANGUAGE_STANDARD = gnu11;
				GCC_NO_COMMON_BLOCKS = YES;
				GCC_WARN_64_TO_32_BIT_CONVERSION = YES;
				GCC_WARN_ABOUT_RETURN_TYPE = YES_ERROR;
				GCC_WARN_UNDECLARED_SELECTOR = YES;
				GCC_WARN_UNINITIALIZED_AUTOS = YES_AGGRESSIVE;
				GCC_WARN_UNUSED_FUNCTION = YES;
				GCC_WARN_UNUSED_VARIABLE = YES;
				IPHONEOS_DEPLOYMENT_TARGET = 16.4;
				MTL_ENABLE_DEBUG_INFO = NO;
				MTL_FAST_MATH = YES;
				SDKROOT = iphoneos;
				SWIFT_COMPILATION_MODE = wholemodule;
				SWIFT_OPTIMIZATION_LEVEL = "-O";
				VALIDATE_PRODUCT = YES;
			};
			name = Release;
		};
		84911CBF2AAB1E6D0051AF61 /* Debug */ = {
			isa = XCBuildConfiguration;
			buildSettings = {
				ASSETCATALOG_COMPILER_APPICON_NAME = AppIcon;
				ASSETCATALOG_COMPILER_GLOBAL_ACCENT_COLOR_NAME = AccentColor;
				CODE_SIGN_ENTITLEMENTS = hackerNewsPortal/hackerNewsPortal.entitlements;
				"CODE_SIGN_IDENTITY[sdk=macosx*]" = "-";
				CODE_SIGN_STYLE = Automatic;
				CURRENT_PROJECT_VERSION = 1;
				DEVELOPMENT_ASSET_PATHS = "\"hackerNewsPortal/Preview Content\"";
				ENABLE_PREVIEWS = YES;
				GENERATE_INFOPLIST_FILE = YES;
				INFOPLIST_KEY_UIApplicationSceneManifest_Generation = YES;
				INFOPLIST_KEY_UIApplicationSupportsIndirectInputEvents = YES;
				INFOPLIST_KEY_UILaunchScreen_Generation = YES;
				INFOPLIST_KEY_UIRequiresFullScreen = NO;
				INFOPLIST_KEY_UIStatusBarStyle = "";
				INFOPLIST_KEY_UISupportedInterfaceOrientations_iPad = "UIInterfaceOrientationPortrait UIInterfaceOrientationPortraitUpsideDown UIInterfaceOrientationLandscapeLeft UIInterfaceOrientationLandscapeRight";
				INFOPLIST_KEY_UISupportedInterfaceOrientations_iPhone = "UIInterfaceOrientationPortrait UIInterfaceOrientationLandscapeLeft UIInterfaceOrientationLandscapeRight";
				LD_RUNPATH_SEARCH_PATHS = (
					"$(inherited)",
					"@executable_path/Frameworks",
				);
				MARKETING_VERSION = 1.0;
				PRODUCT_BUNDLE_IDENTIFIER = com.pemek.hackerNewsPortal;
				PRODUCT_NAME = "$(TARGET_NAME)";
				SUPPORTED_PLATFORMS = "iphoneos iphonesimulator";
				SUPPORTS_MACCATALYST = YES;
				SUPPORTS_MAC_DESIGNED_FOR_IPHONE_IPAD = YES;
				SWIFT_EMIT_LOC_STRINGS = YES;
				SWIFT_VERSION = 5.0;
				TARGETED_DEVICE_FAMILY = "1,2";
			};
			name = Debug;
		};
		84911CC02AAB1E6D0051AF61 /* Release */ = {
			isa = XCBuildConfiguration;
			buildSettings = {
				ASSETCATALOG_COMPILER_APPICON_NAME = AppIcon;
				ASSETCATALOG_COMPILER_GLOBAL_ACCENT_COLOR_NAME = AccentColor;
				CODE_SIGN_ENTITLEMENTS = hackerNewsPortal/hackerNewsPortal.entitlements;
				"CODE_SIGN_IDENTITY[sdk=macosx*]" = "-";
				CODE_SIGN_STYLE = Automatic;
				CURRENT_PROJECT_VERSION = 1;
				DEVELOPMENT_ASSET_PATHS = "\"hackerNewsPortal/Preview Content\"";
				ENABLE_PREVIEWS = YES;
				GENERATE_INFOPLIST_FILE = YES;
				INFOPLIST_KEY_UIApplicationSceneManifest_Generation = YES;
				INFOPLIST_KEY_UIApplicationSupportsIndirectInputEvents = YES;
				INFOPLIST_KEY_UILaunchScreen_Generation = YES;
				INFOPLIST_KEY_UIRequiresFullScreen = NO;
				INFOPLIST_KEY_UIStatusBarStyle = "";
				INFOPLIST_KEY_UISupportedInterfaceOrientations_iPad = "UIInterfaceOrientationPortrait UIInterfaceOrientationPortraitUpsideDown UIInterfaceOrientationLandscapeLeft UIInterfaceOrientationLandscapeRight";
				INFOPLIST_KEY_UISupportedInterfaceOrientations_iPhone = "UIInterfaceOrientationPortrait UIInterfaceOrientationLandscapeLeft UIInterfaceOrientationLandscapeRight";
				LD_RUNPATH_SEARCH_PATHS = (
					"$(inherited)",
					"@executable_path/Frameworks",
				);
				MARKETING_VERSION = 1.0;
				PRODUCT_BUNDLE_IDENTIFIER = com.pemek.hackerNewsPortal;
				PRODUCT_NAME = "$(TARGET_NAME)";
				SUPPORTED_PLATFORMS = "iphoneos iphonesimulator";
				SUPPORTS_MACCATALYST = YES;
				SUPPORTS_MAC_DESIGNED_FOR_IPHONE_IPAD = YES;
				SWIFT_EMIT_LOC_STRINGS = YES;
				SWIFT_VERSION = 5.0;
				TARGETED_DEVICE_FAMILY = "1,2";
			};
			name = Release;
		};
/* End XCBuildConfiguration section */

/* Begin XCConfigurationList section */
		84911CAB2AAB1E6C0051AF61 /* Build configuration list for PBXProject "hackerNewsPortal" */ = {
			isa = XCConfigurationList;
			buildConfigurations = (
				84911CBC2AAB1E6D0051AF61 /* Debug */,
				84911CBD2AAB1E6D0051AF61 /* Release */,
			);
			defaultConfigurationIsVisible = 0;
			defaultConfigurationName = Release;
		};
		84911CBE2AAB1E6D0051AF61 /* Build configuration list for PBXNativeTarget "hackerNewsPortal" */ = {
			isa = XCConfigurationList;
			buildConfigurations = (
				84911CBF2AAB1E6D0051AF61 /* Debug */,
				84911CC02AAB1E6D0051AF61 /* Release */,
			);
			defaultConfigurationIsVisible = 0;
			defaultConfigurationName = Release;
		};
/* End XCConfigurationList section */
	};
	rootObject = 84911CA82AAB1E6C0051AF61 /* Project object */;
}
